
Microsoft Visual Studio Solution File, Format Version 12.00
# Visual Studio Version 17
VisualStudioVersion = 17.11.35312.102
MinimumVisualStudioVersion = 10.0.40219.1
Project("{888888A0-9F3D-457C-B088-3A5042F75D52}") = "DeliveryManager", "DeliveryManager.pyproj", "{AE5E1272-178A-459E-9575-1FEC9A8E88CA}"
EndProject
Global
	GlobalSection(SolutionConfigurationPlatforms) = preSolution
		Debug|Any CPU = Debug|Any CPU
		Release|Any CPU = Release|Any CPU
	EndGlobalSection
	GlobalSection(ProjectConfigurationPlatforms) = postSolution
		{AE5E1272-178A-459E-9575-1FEC9A8E88CA}.Debug|Any CPU.ActiveCfg = Debug|Any CPU
		{AE5E1272-178A-459E-9575-1FEC9A8E88CA}.Release|Any CPU.ActiveCfg = Release|Any CPU
	EndGlobalSection
	GlobalSection(SolutionProperties) = preSolution
		HideSolutionNode = FALSE
	EndGlobalSection
	GlobalSection(ExtensibilityGlobals) = postSolution
		SolutionGuid = {8D90763F-67FC-4C65-A6F2-ADBB5A60F443}
	EndGlobalSection
EndGlobal
